
Microsoft Visual Studio Solution File, Format Version 12.00
# Visual Studio Version 17
VisualStudioVersion = 17.4.33213.308
MinimumVisualStudioVersion = 10.0.40219.1
Project("{FAE04EC0-301F-11D3-BF4B-00C04F79EFBC}") = "ASM5", "ASM5\ASM5.csproj", "{BA1FCBD9-A560-468B-BFCB-F827A5BD660B}"
EndProject
Global
	GlobalSection(SolutionConfigurationPlatforms) = preSolution
		Debug|Any CPU = Debug|Any CPU
		Release|Any CPU = Release|Any CPU
	EndGlobalSection
	GlobalSection(ProjectConfigurationPlatforms) = postSolution
		{BA1FCBD9-A560-468B-BFCB-F827A5BD660B}.Debug|Any CPU.ActiveCfg = Debug|Any CPU
		{BA1FCBD9-A560-468B-BFCB-F827A5BD660B}.Debug|Any CPU.Build.0 = Debug|Any CPU
		{BA1FCBD9-A560-468B-BFCB-F827A5BD660B}.Release|Any CPU.ActiveCfg = Release|Any CPU
		{BA1FCBD9-A560-468B-BFCB-F827A5BD660B}.Release|Any CPU.Build.0 = Release|Any CPU
	EndGlobalSection
	GlobalSection(SolutionProperties) = preSolution
		HideSolutionNode = FALSE
	EndGlobalSection
	GlobalSection(ExtensibilityGlobals) = postSolution
		SolutionGuid = {348F818F-0C63-4E28-9A02-2BEC676DD3AF}
	EndGlobalSection
EndGlobal
